
Microsoft Visual Studio Solution File, Format Version 12.00
# Visual Studio 14
VisualStudioVersion = 14.0.24720.0
MinimumVisualStudioVersion = 10.0.40219.1
Project("{9092AA53-FB77-4645-B42D-1CCCA6BD08BD}") = "SatoriPortal", "SatoriPortal\SatoriPortal.njsproj", "{D6AB4431-19A0-403C-BC86-7733DE1FEB24}"
EndProject
Project("{2150E333-8FDC-42A3-9474-1A3956D46DE8}") = "AzureSatori", "AzureSatori", "{A9B1F3D0-5DF3-42E7-9B3D-4AFB3C391518}"
	ProjectSection(SolutionItems) = preProject
		deploymentSettings.json = deploymentSettings.json
		ServiceConfiguration.Cloud.cscfg = ServiceConfiguration.Cloud.cscfg
		ServiceConfiguration.Local.cscfg = ServiceConfiguration.Local.cscfg
		ServiceDefinition.csdef = ServiceDefinition.csdef
	EndProjectSection
EndProject
Global
	GlobalSection(SolutionConfigurationPlatforms) = preSolution
		Debug|Any CPU = Debug|Any CPU
		Release|Any CPU = Release|Any CPU
	EndGlobalSection
	GlobalSection(ProjectConfigurationPlatforms) = postSolution
		{D6AB4431-19A0-403C-BC86-7733DE1FEB24}.Debug|Any CPU.ActiveCfg = Debug|Any CPU
		{D6AB4431-19A0-403C-BC86-7733DE1FEB24}.Debug|Any CPU.Build.0 = Debug|Any CPU
		{D6AB4431-19A0-403C-BC86-7733DE1FEB24}.Release|Any CPU.ActiveCfg = Release|Any CPU
		{D6AB4431-19A0-403C-BC86-7733DE1FEB24}.Release|Any CPU.Build.0 = Release|Any CPU
	EndGlobalSection
	GlobalSection(SolutionProperties) = preSolution
		HideSolutionNode = FALSE
	EndGlobalSection
EndGlobal
